
Microsoft Visual Studio Solution File, Format Version 12.00
# Visual Studio Version 17
VisualStudioVersion = 17.13.35806.99 d17.13
MinimumVisualStudioVersion = 10.0.40219.1
Project("{FAE04EC0-301F-11D3-BF4B-00C04F79EFBC}") = "Demo", "Demo\Demo.csproj", "{244586E3-99A8-4667-BEF3-7A784504E327}"
EndProject
Project("{FAE04EC0-301F-11D3-BF4B-00C04F79EFBC}") = "Assignment", "Assignment\Assignment.csproj", "{C112A61F-0857-4CBC-B346-2A1DDFEA6EDB}"
EndProject
Global
	GlobalSection(SolutionConfigurationPlatforms) = preSolution
		Debug|Any CPU = Debug|Any CPU
		Release|Any CPU = Release|Any CPU
	EndGlobalSection
	GlobalSection(ProjectConfigurationPlatforms) = postSolution
		{244586E3-99A8-4667-BEF3-7A784504E327}.Debug|Any CPU.ActiveCfg = Debug|Any CPU
		{244586E3-99A8-4667-BEF3-7A784504E327}.Debug|Any CPU.Build.0 = Debug|Any CPU
		{244586E3-99A8-4667-BEF3-7A784504E327}.Release|Any CPU.ActiveCfg = Release|Any CPU
		{244586E3-99A8-4667-BEF3-7A784504E327}.Release|Any CPU.Build.0 = Release|Any CPU
		{C112A61F-0857-4CBC-B346-2A1DDFEA6EDB}.Debug|Any CPU.ActiveCfg = Debug|Any CPU
		{C112A61F-0857-4CBC-B346-2A1DDFEA6EDB}.Debug|Any CPU.Build.0 = Debug|Any CPU
		{C112A61F-0857-4CBC-B346-2A1DDFEA6EDB}.Release|Any CPU.ActiveCfg = Release|Any CPU
		{C112A61F-0857-4CBC-B346-2A1DDFEA6EDB}.Release|Any CPU.Build.0 = Release|Any CPU
	EndGlobalSection
	GlobalSection(SolutionProperties) = preSolution
		HideSolutionNode = FALSE
	EndGlobalSection
	GlobalSection(ExtensibilityGlobals) = postSolution
		SolutionGuid = {1BCE2096-AAD1-412E-96EE-D495C378449C}
	EndGlobalSection
EndGlobal
